<?xml version="1.0" encoding="utf-8"?>
<Project ToolsVersion="4.0" xmlns="http://schemas.microsoft.com/developer/msbuild/2003">
  <ItemGroup>
    <Filter Include="Source Files">
      <UniqueIdentifier>{4FC737F1-C7A5-4376-A066-2A32D752A2FF}</UniqueIdentifier>
      <Extensions>cpp;c;cc;cxx;def;odl;idl;hpj;bat;asm;asmx</Extensions>
    </Filter>
    <Filter Include="Header Files">
      <UniqueIdentifier>{93995380-89BD-4b04-88EB-625FBE52EBFB}</UniqueIdentifier>
      <Extensions>h;hh;hpp;hxx;hm;inl;inc;xsd</Extensions>
    </Filter>
    <Filter Include="Resource Files">
      <UniqueIdentifier>{67DA6AB6-F800-4c08-8B7A-83BB121AAD01}</UniqueIdentifier>
      <Extensions>rc;ico;cur;bmp;dlg;rc2;rct;bin;rgs;gif;jpg;jpeg;jpe;resx;tiff;tif;png;wav;mfcribbon-ms</Extensions>
    </Filter>
  </ItemGroup>
  <ItemGroup>
    <ClCompile Include="DLLMain.cpp">
      <Filter>Source Files</Filter>
    </ClCompile>
    <ClCompile Include="MainForm.cpp">
      <Filter>Source Files</Filter>
    </ClCompile>
    <ClCompile Include="GameFunctions.cpp">
      <Filter>Source Files</Filter>
    </ClCompile>
    <ClCompile Include="Packets.cpp">
      <Filter>Source Files</Filter>
    </ClCompile>
    <ClCompile Include="Hooks.cpp">
      <Filter>Source Files</Filter>
    </ClCompile>
    <ClCompile Include="FindPattern.cpp">
      <Filter>Source Files</Filter>
    </ClCompile>
    <ClCompile Include="HWID.cpp">
      <Filter>Source Files</Filter>
    </ClCompile>
    <ClCompile Include="LUAHelper.cpp">
      <Filter>Source Files</Filter>
    </ClCompile>
    <ClCompile Include="CustomSkills.cpp">
      <Filter>Source Files</Filter>
    </ClCompile>
    <ClCompile Include="Security.cpp">
      <Filter>Source Files</Filter>
    </ClCompile>
    <ClCompile Include="ThinAPI.cpp">
      <Filter>Source Files</Filter>
    </ClCompile>
    <ClCompile Include="DebugCheck.cpp">
      <Filter>Source Files</Filter>
    </ClCompile>
  </ItemGroup>
  <ItemGroup>
    <ClInclude Include="Hooks.hpp">
      <Filter>Header Files</Filter>
    </ClInclude>
    <ClInclude Include="MainForm.h">
      <Filter>Header Files</Filter>
    </ClInclude>
    <ClInclude Include="GameFunctions.hpp">
      <Filter>Header Files</Filter>
    </ClInclude>
    <ClInclude Include="Constants.hpp">
      <Filter>Header Files</Filter>
    </ClInclude>
    <ClInclude Include="Packets.hpp">
      <Filter>Header Files</Filter>
    </ClInclude>
    <ClInclude Include="PacketWriter.hpp">
      <Filter>Header Files</Filter>
    </ClInclude>
    <ClInclude Include="FindPattern.hpp">
      <Filter>Header Files</Filter>
    </ClInclude>
    <ClInclude Include="Pointer.hpp">
      <Filter>Header Files</Filter>
    </ClInclude>
    <ClInclude Include="HWID.hpp">
      <Filter>Header Files</Filter>
    </ClInclude>
    <ClInclude Include="LUAHelper.hpp">
      <Filter>Header Files</Filter>
    </ClInclude>
    <ClInclude Include="CustomSkills.hpp">
      <Filter>Header Files</Filter>
    </ClInclude>
    <ClInclude Include="Security.hpp">
      <Filter>Header Files</Filter>
    </ClInclude>
    <ClInclude Include="ThinAPI.hpp">
      <Filter>Header Files</Filter>
    </ClInclude>
    <ClInclude Include="DebugCheck.hpp">
      <Filter>Header Files</Filter>
    </ClInclude>
  </ItemGroup>
  <ItemGroup>
    <EmbeddedResource Include="MainForm.resx">
      <Filter>Resource Files</Filter>
    </EmbeddedResource>
  </ItemGroup>
</Project>